<?xml version="1.0" encoding="utf-8"?>
<Project ToolsVersion="4.0" xmlns="http://schemas.microsoft.com/developer/msbuild/2003">
  <ItemGroup>
    <Filter Include="Source Files">
      <UniqueIdentifier>{4FC737F1-C7A5-4376-A066-2A32D752A2FF}</UniqueIdentifier>
      <Extensions>cpp;c;cc;cxx;def;odl;idl;hpj;bat;asm;asmx</Extensions>
    </Filter>
    <Filter Include="Header Files">
      <UniqueIdentifier>{93995380-89BD-4b04-88EB-625FBE52EBFB}</UniqueIdentifier>
      <Extensions>h;hh;hpp;hxx;hm;inl;inc;ipp;xsd</Extensions>
    </Filter>
    <Filter Include="Resource Files">
      <UniqueIdentifier>{67DA6AB6-F800-4c08-8B7A-83BB121AAD01}</UniqueIdentifier>
      <Extensions>rc;ico;cur;bmp;dlg;rc2;rct;bin;rgs;gif;jpg;jpeg;jpe;resx;tiff;tif;png;wav;mfcribbon-ms</Extensions>
    </Filter>
    <Filter Include="Header Files\model">
      <UniqueIdentifier>{e5389cb9-f8d7-4a41-9878-84f521567f9c}</UniqueIdentifier>
    </Filter>
    <Filter Include="Header Files\service">
      <UniqueIdentifier>{26dfcb1f-a58e-4ad1-a18a-58f0a73497f9}</UniqueIdentifier>
    </Filter>
    <Filter Include="Source Files\model">
      <UniqueIdentifier>{03ca35ad-bd77-410b-99a4-7d4400787100}</UniqueIdentifier>
    </Filter>
    <Filter Include="Source Files\service">
      <UniqueIdentifier>{4023f6d1-1bd6-48f0-a3bb-0f422afad931}</UniqueIdentifier>
    </Filter>
  </ItemGroup>
  <ItemGroup>
    <ClCompile Include="AES.cpp">
      <Filter>Source Files</Filter>
    </ClCompile>
    <ClCompile Include="AESEngine.cpp">
      <Filter>Source Files</Filter>
    </ClCompile>
    <ClCompile Include="FileService.cpp">
      <Filter>Source Files\service</Filter>
    </ClCompile>
    <ClCompile Include="SettingsService.cpp">
      <Filter>Source Files\service</Filter>
    </ClCompile>
    <ClCompile Include="Configuration.cpp">
      <Filter>Source Files\model</Filter>
    </ClCompile>
    <ClCompile Include="Text.cpp">
      <Filter>Source Files\model</Filter>
    </ClCompile>
    <ClCompile Include="Key.cpp">
      <Filter>Source Files\model</Filter>
    </ClCompile>
    <ClCompile Include="EncryptionService.cpp">
      <Filter>Source Files\service</Filter>
    </ClCompile>
    <ClCompile Include="DecryptionService.cpp">
      <Filter>Source Files\service</Filter>
    </ClCompile>
  </ItemGroup>
  <ItemGroup>
    <ClInclude Include="AESEngine.h">
      <Filter>Header Files</Filter>
    </ClInclude>
    <ClInclude Include="Configuration.h">
      <Filter>Header Files\model</Filter>
    </ClInclude>
    <ClInclude Include="FileService.h">
      <Filter>Header Files\service</Filter>
    </ClInclude>
    <ClInclude Include="SettingsService.h">
      <Filter>Header Files\service</Filter>
    </ClInclude>
    <ClInclude Include="Text.h">
      <Filter>Header Files\model</Filter>
    </ClInclude>
    <ClInclude Include="Key.h">
      <Filter>Header Files\model</Filter>
    </ClInclude>
    <ClInclude Include="EncryptionService.h">
      <Filter>Header Files\service</Filter>
    </ClInclude>
    <ClInclude Include="DecryptionService.h">
      <Filter>Header Files\service</Filter>
    </ClInclude>
    <ClInclude Include="Types.h">
      <Filter>Header Files\model</Filter>
    </ClInclude>
  </ItemGroup>
</Project>